{
    "_readme": [
        "This file locks the dependencies of your project to a known state",
        "Read more about it at https://getcomposer.org/doc/01-basic-usage.md#composer-lock-the-lock-file",
        "This file is @generated automatically"
    ],
    "hash": "d50aefd4f00c4a41a3edd31091001ac4",
    "content-hash": "739fa37c982b15ab19108c4775592ad5",
    "packages": [
        {
            "name": "caffeina-core/core",
            "version": "1.7.0",
            "source": {
                "type": "git",
                "url": "https://github.com/caffeina-core/core.git",
                "reference": "d8c731fdce81522d1810ab1473121e7c36871c04"
            },
            "dist": {
                "type": "zip",
                "url": "https://api.github.com/repos/caffeina-core/core/zipball/d8c731fdce81522d1810ab1473121e7c36871c04",
                "reference": "d8c731fdce81522d1810ab1473121e7c36871c04",
                "shasum": ""
            },
            "require": {
                "php": ">=5.4"
            },
            "require-dev": {
                "mybuilder/phpunit-accelerator": ">=1",
                "phpunit/dbunit": ">=1.2",
                "phpunit/php-invoker": "*",
                "phpunit/phpunit": "^5"
            },
            "type": "library",
            "autoload": {
                "classmap": [
                    "classes/"
                ]
            },
            "notification-url": "https://packagist.org/downloads/",
            "license": [
                "MIT"
            ],
            "authors": [
                {
                    "name": "Stefano Azzolini",
                    "email": "stefano.azzolini@caffeina.com"
                },
                {
                    "name": "Gabriele Diener",
                    "email": "gabriele.diener@caffeina.com"
                }
            ],
            "description": "Platform for rapid application development.",
            "homepage": "http://caffeina.com",
            "keywords": [
                "core",
                "framework",
                "platform",
                "sdk"
            ],
            "time": "2016-04-15 13:56:05"
        },
        {
            "name": "caffeina-core/twig",
            "version": "1.2.0",
            "source": {
                "type": "git",
                "url": "https://github.com/caffeina-core/twig.git",
                "reference": "b111c374d30b59916f0d29ef072d895c04a96634"
            },
            "dist": {
                "type": "zip",
                "url": "https://api.github.com/repos/caffeina-core/twig/zipball/b111c374d30b59916f0d29ef072d895c04a96634",
                "reference": "b111c374d30b59916f0d29ef072d895c04a96634",
                "shasum": ""
            },
            "require": {
                "caffeina-core/core": "*",
                "php": ">=5.4",
                "twig/twig": "*"
            },
            "type": "core-bundle",
            "autoload": {
                "classmap": [
                    "classes/"
                ]
            },
            "notification-url": "https://packagist.org/downloads/",
            "license": [
                "MIT"
            ],
            "authors": [
                {
                    "name": "Stefano Azzolini",
                    "email": "stefano.azzolini@caffeinalab.com"
                }
            ],
            "description": "Twig service for Caffeina Core Views",
            "homepage": "http://labs.caffeina.co/tech/core",
            "keywords": [
                "core",
                "twig",
                "view"
            ],
            "time": "2016-03-31 15:11:10"
        },
        {
            "name": "josegonzalez/dotenv",
            "version": "dev-master",
            "source": {
                "type": "git",
                "url": "https://github.com/josegonzalez/php-dotenv.git",
                "reference": "eb9eb3beea37411d2f7b4960eed94fc72a592488"
            },
            "dist": {
                "type": "zip",
                "url": "https://api.github.com/repos/josegonzalez/php-dotenv/zipball/eb9eb3beea37411d2f7b4960eed94fc72a592488",
                "reference": "eb9eb3beea37411d2f7b4960eed94fc72a592488",
                "shasum": ""
            },
            "require": {
                "m1/env": "2.*",
                "php": ">=5.3.0"
            },
            "require-dev": {
                "satooshi/php-coveralls": "1.*",
                "squizlabs/php_codesniffer": "2.*"
            },
            "type": "library",
            "autoload": {
                "psr-0": {
                    "josegonzalez\\Dotenv": [
                        "src",
                        "tests"
                    ]
                }
            },
            "notification-url": "https://packagist.org/downloads/",
            "license": [
                "MIT"
            ],
            "authors": [
                {
                    "name": "Jose Diaz-Gonzalez",
                    "email": "dotenv@josegonzalez.com",
                    "homepage": "http://josediazgonzalez.com",
                    "role": "Maintainer"
                }
            ],
            "description": "dotenv file parsing for PHP",
            "homepage": "https://github.com/josegonzalez/php-dotenv",
            "keywords": [
                "configuration",
                "dotenv",
                "php"
            ],
            "time": "2016-01-07 16:07:20"
        },
        {
            "name": "m1/env",
            "version": "2.0.0",
            "source": {
                "type": "git",
                "url": "https://github.com/m1/Env.git",
                "reference": "6013b1475c21d4c7076e1aaad9df5b2fae060cbb"
            },
            "dist": {
                "type": "zip",
                "url": "https://api.github.com/repos/m1/Env/zipball/6013b1475c21d4c7076e1aaad9df5b2fae060cbb",
                "reference": "6013b1475c21d4c7076e1aaad9df5b2fae060cbb",
                "shasum": ""
            },
            "require": {
                "php": ">=5.3.0"
            },
            "require-dev": {
                "phpunit/phpunit": "4.*",
                "scrutinizer/ocular": "~1.1",
                "squizlabs/php_codesniffer": "^2.3"
            },
            "suggest": {
                "josegonzalez/dotenv": "For loading of .env",
                "m1/vars": "For loading of configs"
            },
            "type": "library",
            "autoload": {
                "psr-4": {
                    "M1\\Env\\": "src"
                }
            },
            "notification-url": "https://packagist.org/downloads/",
            "license": [
                "MIT"
            ],
            "authors": [
                {
                    "name": "Miles Croxford",
                    "email": "hello@milescroxford.com",
                    "homepage": "http://milescroxford.com",
                    "role": "Developer"
                }
            ],
            "description": "Env is a lightweight library bringing .env file parser compatibility to PHP. In short - it enables you to read .env files with PHP.",
            "homepage": "https://github.com/m1/Env",
            "keywords": [
                ".env",
                "config",
                "dotenv",
                "env",
                "loader",
                "m1",
                "parser",
                "support"
            ],
            "time": "2016-01-07 13:21:36"
        },
        {
            "name": "twig/twig",
            "version": "v1.24.0",
            "source": {
                "type": "git",
                "url": "https://github.com/twigphp/Twig.git",
                "reference": "3e5aa30ebfbafd5951fb1b01e338e1800ce7e0e8"
            },
            "dist": {
                "type": "zip",
                "url": "https://api.github.com/repos/twigphp/Twig/zipball/3e5aa30ebfbafd5951fb1b01e338e1800ce7e0e8",
                "reference": "3e5aa30ebfbafd5951fb1b01e338e1800ce7e0e8",
                "shasum": ""
            },
            "require": {
                "php": ">=5.2.7"
            },
            "require-dev": {
                "symfony/debug": "~2.7",
                "symfony/phpunit-bridge": "~2.7"
            },
            "type": "library",
            "extra": {
                "branch-alias": {
                    "dev-master": "1.24-dev"
                }
            },
            "autoload": {
                "psr-0": {
                    "Twig_": "lib/"
                }
            },
            "notification-url": "https://packagist.org/downloads/",
            "license": [
                "BSD-3-Clause"
            ],
            "authors": [
                {
                    "name": "Fabien Potencier",
                    "email": "fabien@symfony.com",
                    "homepage": "http://fabien.potencier.org",
                    "role": "Lead Developer"
                },
                {
                    "name": "Armin Ronacher",
                    "email": "armin.ronacher@active-4.com",
                    "role": "Project Founder"
                },
                {
                    "name": "Twig Team",
                    "homepage": "http://twig.sensiolabs.org/contributors",
                    "role": "Contributors"
                }
            ],
            "description": "Twig, the flexible, fast, and secure template language for PHP",
            "homepage": "http://twig.sensiolabs.org",
            "keywords": [
                "templating"
            ],
            "time": "2016-01-25 21:22:18"
        }
    ],
    "packages-dev": [],
    "aliases": [],
    "minimum-stability": "stable",
    "stability-flags": {
        "josegonzalez/dotenv": 20
    },
    "prefer-stable": false,
    "prefer-lowest": false,
    "platform": {
        "php": ">=5.4"
    },
    "platform-dev": []
}
